
Microsoft Visual Studio Solution File, Format Version 12.00
# Visual Studio Version 17
VisualStudioVersion = 17.8.34322.80
MinimumVisualStudioVersion = 10.0.40219.1
Project("{FAE04EC0-301F-11D3-BF4B-00C04F79EFBC}") = "Tesan_Alejandro", "Tesan_Alejandro\Tesan_Alejandro.csproj", "{0A1FD44A-2C68-47FD-9E19-79496C15EEE8}"
EndProject
Project("{FAE04EC0-301F-11D3-BF4B-00C04F79EFBC}") = "Services", "Services\Services.csproj", "{20763810-BCC9-4C88-AF4E-17529FF03F5B}"
EndProject
Project("{FAE04EC0-301F-11D3-BF4B-00C04F79EFBC}") = "Models", "Models\Models.csproj", "{70336411-01A3-48DE-B50F-9F0235BABC23}"
EndProject
Global
	GlobalSection(SolutionConfigurationPlatforms) = preSolution
		Debug|Any CPU = Debug|Any CPU
		Release|Any CPU = Release|Any CPU
	EndGlobalSection
	GlobalSection(ProjectConfigurationPlatforms) = postSolution
		{0A1FD44A-2C68-47FD-9E19-79496C15EEE8}.Debug|Any CPU.ActiveCfg = Debug|Any CPU
		{0A1FD44A-2C68-47FD-9E19-79496C15EEE8}.Debug|Any CPU.Build.0 = Debug|Any CPU
		{0A1FD44A-2C68-47FD-9E19-79496C15EEE8}.Release|Any CPU.ActiveCfg = Release|Any CPU
		{0A1FD44A-2C68-47FD-9E19-79496C15EEE8}.Release|Any CPU.Build.0 = Release|Any CPU
		{20763810-BCC9-4C88-AF4E-17529FF03F5B}.Debug|Any CPU.ActiveCfg = Debug|Any CPU
		{20763810-BCC9-4C88-AF4E-17529FF03F5B}.Debug|Any CPU.Build.0 = Debug|Any CPU
		{20763810-BCC9-4C88-AF4E-17529FF03F5B}.Release|Any CPU.ActiveCfg = Release|Any CPU
		{20763810-BCC9-4C88-AF4E-17529FF03F5B}.Release|Any CPU.Build.0 = Release|Any CPU
		{70336411-01A3-48DE-B50F-9F0235BABC23}.Debug|Any CPU.ActiveCfg = Debug|Any CPU
		{70336411-01A3-48DE-B50F-9F0235BABC23}.Debug|Any CPU.Build.0 = Debug|Any CPU
		{70336411-01A3-48DE-B50F-9F0235BABC23}.Release|Any CPU.ActiveCfg = Release|Any CPU
		{70336411-01A3-48DE-B50F-9F0235BABC23}.Release|Any CPU.Build.0 = Release|Any CPU
	EndGlobalSection
	GlobalSection(SolutionProperties) = preSolution
		HideSolutionNode = FALSE
	EndGlobalSection
	GlobalSection(ExtensibilityGlobals) = postSolution
		SolutionGuid = {6886E7F9-E7AC-4FE5-AF72-811FA3A8C67A}
	EndGlobalSection
EndGlobal
